
Microsoft Visual Studio Solution File, Format Version 12.00
# Visual Studio Version 16
VisualStudioVersion = 16.0.31129.286
MinimumVisualStudioVersion = 10.0.40219.1
Project("{FAE04EC0-301F-11D3-BF4B-00C04F79EFBC}") = "HomeWorkGBA", "HomeWorkGBA\HomeWorkGBA.csproj", "{8D16581A-04BD-4E06-BF91-CB23645AA111}"
EndProject
Global
	GlobalSection(SolutionConfigurationPlatforms) = preSolution
		Debug|Any CPU = Debug|Any CPU
		Release|Any CPU = Release|Any CPU
	EndGlobalSection
	GlobalSection(ProjectConfigurationPlatforms) = postSolution
		{8D16581A-04BD-4E06-BF91-CB23645AA111}.Debug|Any CPU.ActiveCfg = Debug|Any CPU
		{8D16581A-04BD-4E06-BF91-CB23645AA111}.Debug|Any CPU.Build.0 = Debug|Any CPU
		{8D16581A-04BD-4E06-BF91-CB23645AA111}.Release|Any CPU.ActiveCfg = Release|Any CPU
		{8D16581A-04BD-4E06-BF91-CB23645AA111}.Release|Any CPU.Build.0 = Release|Any CPU
	EndGlobalSection
	GlobalSection(SolutionProperties) = preSolution
		HideSolutionNode = FALSE
	EndGlobalSection
	GlobalSection(ExtensibilityGlobals) = postSolution
		SolutionGuid = {E22D587C-1B96-409A-947D-714E3914499C}
	EndGlobalSection
EndGlobal
